
Microsoft Visual Studio Solution File, Format Version 12.00
# Visual Studio Version 17
VisualStudioVersion = 17.5.33318.248
MinimumVisualStudioVersion = 10.0.40219.1
Project("{FAE04EC0-301F-11D3-BF4B-00C04F79EFBC}") = "AJPaint", "AJPaint.csproj", "{D718EC66-33ED-4FF9-B8DC-C6FB56B51EF0}"
EndProject
Global
	GlobalSection(SolutionConfigurationPlatforms) = preSolution
		Debug|Any CPU = Debug|Any CPU
		Release|Any CPU = Release|Any CPU
	EndGlobalSection
	GlobalSection(ProjectConfigurationPlatforms) = postSolution
		{D718EC66-33ED-4FF9-B8DC-C6FB56B51EF0}.Debug|Any CPU.ActiveCfg = Debug|Any CPU
		{D718EC66-33ED-4FF9-B8DC-C6FB56B51EF0}.Debug|Any CPU.Build.0 = Debug|Any CPU
		{D718EC66-33ED-4FF9-B8DC-C6FB56B51EF0}.Release|Any CPU.ActiveCfg = Release|Any CPU
		{D718EC66-33ED-4FF9-B8DC-C6FB56B51EF0}.Release|Any CPU.Build.0 = Release|Any CPU
	EndGlobalSection
	GlobalSection(SolutionProperties) = preSolution
		HideSolutionNode = FALSE
	EndGlobalSection
	GlobalSection(ExtensibilityGlobals) = postSolution
		SolutionGuid = {41EF5402-C147-4C77-8F35-52B7295612D6}
	EndGlobalSection
EndGlobal
